// !$*UTF8*$!
{
	archiveVersion = 1;
	classes = {
	};
	objectVersion = 50;
	objects = {

/* Begin PBXBuildFile section */
		15551B8BA6C05127BEEE748E /* Pods_Learning_API__SLACK_.framework in Frameworks */ = {isa = PBXBuildFile; fileRef = 748002A171C81300EC79AEE3 /* Pods_Learning_API__SLACK_.framework */; };
		2E965CEF2283CE50009F837C /* SWRevealViewController.m in Sources */ = {isa = PBXBuildFile; fileRef = 2E965CEE2283CE50009F837C /* SWRevealViewController.m */; };
		2E965CF42283D27C009F837C /* ChatVC.swift in Sources */ = {isa = PBXBuildFile; fileRef = 2E965CF32283D27C009F837C /* ChatVC.swift */; };
		2E965CF62283D28A009F837C /* ChannelVC.swift in Sources */ = {isa = PBXBuildFile; fileRef = 2E965CF52283D28A009F837C /* ChannelVC.swift */; };
		2EC8150A2283C3C30094C744 /* AppDelegate.swift in Sources */ = {isa = PBXBuildFile; fileRef = 2EC815092283C3C30094C744 /* AppDelegate.swift */; };
		2EC8150F2283C3C30094C744 /* Main.storyboard in Resources */ = {isa = PBXBuildFile; fileRef = 2EC8150D2283C3C30094C744 /* Main.storyboard */; };
		2EC815112283C3C50094C744 /* Assets.xcassets in Resources */ = {isa = PBXBuildFile; fileRef = 2EC815102283C3C50094C744 /* Assets.xcassets */; };
		2EC815142283C3C50094C744 /* LaunchScreen.storyboard in Resources */ = {isa = PBXBuildFile; fileRef = 2EC815122283C3C50094C744 /* LaunchScreen.storyboard */; };
/* End PBXBuildFile section */

/* Begin PBXFileReference section */
		068A59F5CF99B5E21B69368B /* Pods-Learning API (SLACK).release.xcconfig */ = {isa = PBXFileReference; includeInIndex = 1; lastKnownFileType = text.xcconfig; name = "Pods-Learning API (SLACK).release.xcconfig"; path = "Target Support Files/Pods-Learning API (SLACK)/Pods-Learning API (SLACK).release.xcconfig"; sourceTree = "<group>"; };
		2E965CEC2283CE4F009F837C /* Learning API (SLACK)-Bridging-Header.h */ = {isa = PBXFileReference; lastKnownFileType = sourcecode.c.h; path = "Learning API (SLACK)-Bridging-Header.h"; sourceTree = "<group>"; };
		2E965CED2283CE4F009F837C /* SWRevealViewController.h */ = {isa = PBXFileReference; fileEncoding = 4; lastKnownFileType = sourcecode.c.h; path = SWRevealViewController.h; sourceTree = "<group>"; };
		2E965CEE2283CE50009F837C /* SWRevealViewController.m */ = {isa = PBXFileReference; fileEncoding = 4; lastKnownFileType = sourcecode.c.objc; path = SWRevealViewController.m; sourceTree = "<group>"; };
		2E965CF32283D27C009F837C /* ChatVC.swift */ = {isa = PBXFileReference; lastKnownFileType = sourcecode.swift; path = ChatVC.swift; sourceTree = "<group>"; };
		2E965CF52283D28A009F837C /* ChannelVC.swift */ = {isa = PBXFileReference; lastKnownFileType = sourcecode.swift; path = ChannelVC.swift; sourceTree = "<group>"; };
		2EC815062283C3C30094C744 /* Learning API (SLACK).app */ = {isa = PBXFileReference; explicitFileType = wrapper.application; includeInIndex = 0; path = "Learning API (SLACK).app"; sourceTree = BUILT_PRODUCTS_DIR; };
		2EC815092283C3C30094C744 /* AppDelegate.swift */ = {isa = PBXFileReference; lastKnownFileType = sourcecode.swift; path = AppDelegate.swift; sourceTree = "<group>"; };
		2EC8150E2283C3C30094C744 /* Base */ = {isa = PBXFileReference; lastKnownFileType = file.storyboard; name = Base; path = Base.lproj/Main.storyboard; sourceTree = "<group>"; };
		2EC815102283C3C50094C744 /* Assets.xcassets */ = {isa = PBXFileReference; lastKnownFileType = folder.assetcatalog; path = Assets.xcassets; sourceTree = "<group>"; };
		2EC815132283C3C50094C744 /* Base */ = {isa = PBXFileReference; lastKnownFileType = file.storyboard; name = Base; path = Base.lproj/LaunchScreen.storyboard; sourceTree = "<group>"; };
		2EC815152283C3C50094C744 /* Info.plist */ = {isa = PBXFileReference; lastKnownFileType = text.plist.xml; path = Info.plist; sourceTree = "<group>"; };
		64356D9C6414501F31F74422 /* Pods-Learning API (SLACK).debug.xcconfig */ = {isa = PBXFileReference; includeInIndex = 1; lastKnownFileType = text.xcconfig; name = "Pods-Learning API (SLACK).debug.xcconfig"; path = "Target Support Files/Pods-Learning API (SLACK)/Pods-Learning API (SLACK).debug.xcconfig"; sourceTree = "<group>"; };
		748002A171C81300EC79AEE3 /* Pods_Learning_API__SLACK_.framework */ = {isa = PBXFileReference; explicitFileType = wrapper.framework; includeInIndex = 0; path = Pods_Learning_API__SLACK_.framework; sourceTree = BUILT_PRODUCTS_DIR; };
/* End PBXFileReference section */

/* Begin PBXFrameworksBuildPhase section */
		2EC815032283C3C30094C744 /* Frameworks */ = {
			isa = PBXFrameworksBuildPhase;
			buildActionMask = 2147483647;
			files = (
				15551B8BA6C05127BEEE748E /* Pods_Learning_API__SLACK_.framework in Frameworks */,
			);
			runOnlyForDeploymentPostprocessing = 0;
		};
/* End PBXFrameworksBuildPhase section */

/* Begin PBXGroup section */
		2E965CEB2283CE2E009F837C /* Supporting Files */ = {
			isa = PBXGroup;
			children = (
				2E965CED2283CE4F009F837C /* SWRevealViewController.h */,
				2E965CEE2283CE50009F837C /* SWRevealViewController.m */,
				2E965CEC2283CE4F009F837C /* Learning API (SLACK)-Bridging-Header.h */,
			);
			path = "Supporting Files";
			sourceTree = "<group>";
		};
		2E965CF02283D248009F837C /* Controller */ = {
			isa = PBXGroup;
			children = (
				2E965CF32283D27C009F837C /* ChatVC.swift */,
				2E965CF52283D28A009F837C /* ChannelVC.swift */,
			);
			path = Controller;
			sourceTree = "<group>";
		};
		2E965CF12283D253009F837C /* View */ = {
			isa = PBXGroup;
			children = (
			);
			path = View;
			sourceTree = "<group>";
		};
		2E965CF22283D257009F837C /* Model */ = {
			isa = PBXGroup;
			children = (
			);
			path = Model;
			sourceTree = "<group>";
		};
		2EC814FD2283C3C30094C744 = {
			isa = PBXGroup;
			children = (
				2EC815082283C3C30094C744 /* Learning API (SLACK) */,
				2EC815072283C3C30094C744 /* Products */,
				C1A6479DC2F7221548A146BD /* Pods */,
				A6691ED5475F8FE2BBB3861F /* Frameworks */,
			);
			sourceTree = "<group>";
		};
		2EC815072283C3C30094C744 /* Products */ = {
			isa = PBXGroup;
			children = (
				2EC815062283C3C30094C744 /* Learning API (SLACK).app */,
			);
			name = Products;
			sourceTree = "<group>";
		};
		2EC815082283C3C30094C744 /* Learning API (SLACK) */ = {
			isa = PBXGroup;
			children = (
				2E965CF22283D257009F837C /* Model */,
				2E965CF12283D253009F837C /* View */,
				2E965CF02283D248009F837C /* Controller */,
				2E965CEB2283CE2E009F837C /* Supporting Files */,
				2EC815092283C3C30094C744 /* AppDelegate.swift */,
				2EC8150D2283C3C30094C744 /* Main.storyboard */,
				2EC815102283C3C50094C744 /* Assets.xcassets */,
				2EC815122283C3C50094C744 /* LaunchScreen.storyboard */,
				2EC815152283C3C50094C744 /* Info.plist */,
			);
			path = "Learning API (SLACK)";
			sourceTree = "<group>";
		};
		A6691ED5475F8FE2BBB3861F /* Frameworks */ = {
			isa = PBXGroup;
			children = (
				748002A171C81300EC79AEE3 /* Pods_Learning_API__SLACK_.framework */,
			);
			name = Frameworks;
			sourceTree = "<group>";
		};
		C1A6479DC2F7221548A146BD /* Pods */ = {
			isa = PBXGroup;
			children = (
				64356D9C6414501F31F74422 /* Pods-Learning API (SLACK).debug.xcconfig */,
				068A59F5CF99B5E21B69368B /* Pods-Learning API (SLACK).release.xcconfig */,
			);
			path = Pods;
			sourceTree = "<group>";
		};
/* End PBXGroup section */

/* Begin PBXNativeTarget section */
		2EC815052283C3C30094C744 /* Learning API (SLACK) */ = {
			isa = PBXNativeTarget;
			buildConfigurationList = 2EC815182283C3C50094C744 /* Build configuration list for PBXNativeTarget "Learning API (SLACK)" */;
			buildPhases = (
				07FDCA778159721F015B4C40 /* [CP] Check Pods Manifest.lock */,
				2EC815022283C3C30094C744 /* Sources */,
				2EC815032283C3C30094C744 /* Frameworks */,
				2EC815042283C3C30094C744 /* Resources */,
				E5B6B73D0F0999323E355CF1 /* [CP] Embed Pods Frameworks */,
			);
			buildRules = (
			);
			dependencies = (
			);
			name = "Learning API (SLACK)";
			productName = "Learning API (SLACK)";
			productReference = 2EC815062283C3C30094C744 /* Learning API (SLACK).app */;
			productType = "com.apple.product-type.application";
		};
/* End PBXNativeTarget section */

/* Begin PBXProject section */
		2EC814FE2283C3C30094C744 /* Project object */ = {
			isa = PBXProject;
			attributes = {
				LastSwiftUpdateCheck = 1020;
				LastUpgradeCheck = 1020;
				ORGANIZATIONNAME = "Thien Vu Le";
				TargetAttributes = {
					2EC815052283C3C30094C744 = {
						CreatedOnToolsVersion = 10.2.1;
						LastSwiftMigration = 1020;
					};
				};
			};
			buildConfigurationList = 2EC815012283C3C30094C744 /* Build configuration list for PBXProject "Learning API (SLACK)" */;
			compatibilityVersion = "Xcode 9.3";
			developmentRegion = en;
			hasScannedForEncodings = 0;
			knownRegions = (
				en,
				Base,
			);
			mainGroup = 2EC814FD2283C3C30094C744;
			productRefGroup = 2EC815072283C3C30094C744 /* Products */;
			projectDirPath = "";
			projectRoot = "";
			targets = (
				2EC815052283C3C30094C744 /* Learning API (SLACK) */,
			);
		};
/* End PBXProject section */

/* Begin PBXResourcesBuildPhase section */
		2EC815042283C3C30094C744 /* Resources */ = {
			isa = PBXResourcesBuildPhase;
			buildActionMask = 2147483647;
			files = (
				2EC815142283C3C50094C744 /* LaunchScreen.storyboard in Resources */,
				2EC815112283C3C50094C744 /* Assets.xcassets in Resources */,
				2EC8150F2283C3C30094C744 /* Main.storyboard in Resources */,
			);
			runOnlyForDeploymentPostprocessing = 0;
		};
/* End PBXResourcesBuildPhase section */

/* Begin PBXShellScriptBuildPhase section */
		07FDCA778159721F015B4C40 /* [CP] Check Pods Manifest.lock */ = {
			isa = PBXShellScriptBuildPhase;
			buildActionMask = 2147483647;
			files = (
			);
			inputFileListPaths = (
			);
			inputPaths = (
				"${PODS_PODFILE_DIR_PATH}/Podfile.lock",
				"${PODS_ROOT}/Manifest.lock",
			);
			name = "[CP] Check Pods Manifest.lock";
			outputFileListPaths = (
			);
			outputPaths = (
				"$(DERIVED_FILE_DIR)/Pods-Learning API (SLACK)-checkManifestLockResult.txt",
			);
			runOnlyForDeploymentPostprocessing = 0;
			shellPath = /bin/sh;
			shellScript = "diff \"${PODS_PODFILE_DIR_PATH}/Podfile.lock\" \"${PODS_ROOT}/Manifest.lock\" > /dev/null\nif [ $? != 0 ] ; then\n    # print error to STDERR\n    echo \"error: The sandbox is not in sync with the Podfile.lock. Run 'pod install' or update your CocoaPods installation.\" >&2\n    exit 1\nfi\n# This output is used by Xcode 'outputs' to avoid re-running this script phase.\necho \"SUCCESS\" > \"${SCRIPT_OUTPUT_FILE_0}\"\n";
			showEnvVarsInLog = 0;
		};
		E5B6B73D0F0999323E355CF1 /* [CP] Embed Pods Frameworks */ = {
			isa = PBXShellScriptBuildPhase;
			buildActionMask = 2147483647;
			files = (
			);
			inputFileListPaths = (
			);
			inputPaths = (
				"${PODS_ROOT}/Target Support Files/Pods-Learning API (SLACK)/Pods-Learning API (SLACK)-frameworks.sh",
				"${BUILT_PRODUCTS_DIR}/Alamofire/Alamofire.framework",
				"${BUILT_PRODUCTS_DIR}/Socket.IO-Client-Swift/SocketIO.framework",
				"${BUILT_PRODUCTS_DIR}/Starscream/Starscream.framework",
				"${BUILT_PRODUCTS_DIR}/SwiftyJSON/SwiftyJSON.framework",
			);
			name = "[CP] Embed Pods Frameworks";
			outputFileListPaths = (
			);
			outputPaths = (
				"${TARGET_BUILD_DIR}/${FRAMEWORKS_FOLDER_PATH}/Alamofire.framework",
				"${TARGET_BUILD_DIR}/${FRAMEWORKS_FOLDER_PATH}/SocketIO.framework",
				"${TARGET_BUILD_DIR}/${FRAMEWORKS_FOLDER_PATH}/Starscream.framework",
				"${TARGET_BUILD_DIR}/${FRAMEWORKS_FOLDER_PATH}/SwiftyJSON.framework",
			);
			runOnlyForDeploymentPostprocessing = 0;
			shellPath = /bin/sh;
			shellScript = "\"${PODS_ROOT}/Target Support Files/Pods-Learning API (SLACK)/Pods-Learning API (SLACK)-frameworks.sh\"\n";
			showEnvVarsInLog = 0;
		};
/* End PBXShellScriptBuildPhase section */

/* Begin PBXSourcesBuildPhase section */
		2EC815022283C3C30094C744 /* Sources */ = {
			isa = PBXSourcesBuildPhase;
			buildActionMask = 2147483647;
			files = (
				2E965CF62283D28A009F837C /* ChannelVC.swift in Sources */,
				2E965CF42283D27C009F837C /* ChatVC.swift in Sources */,
				2EC8150A2283C3C30094C744 /* AppDelegate.swift in Sources */,
				2E965CEF2283CE50009F837C /* SWRevealViewController.m in Sources */,
			);
			runOnlyForDeploymentPostprocessing = 0;
		};
/* End PBXSourcesBuildPhase section */

/* Begin PBXVariantGroup section */
		2EC8150D2283C3C30094C744 /* Main.storyboard */ = {
			isa = PBXVariantGroup;
			children = (
				2EC8150E2283C3C30094C744 /* Base */,
			);
			name = Main.storyboard;
			sourceTree = "<group>";
		};
		2EC815122283C3C50094C744 /* LaunchScreen.storyboard */ = {
			isa = PBXVariantGroup;
			children = (
				2EC815132283C3C50094C744 /* Base */,
			);
			name = LaunchScreen.storyboard;
			sourceTree = "<group>";
		};
/* End PBXVariantGroup section */

/* Begin XCBuildConfiguration section */
		2EC815162283C3C50094C744 /* Debug */ = {
			isa = XCBuildConfiguration;
			buildSettings = {
				ALWAYS_SEARCH_USER_PATHS = NO;
				CLANG_ANALYZER_NONNULL = YES;
				CLANG_ANALYZER_NUMBER_OBJECT_CONVERSION = YES_AGGRESSIVE;
				CLANG_CXX_LANGUAGE_STANDARD = "gnu++14";
				CLANG_CXX_LIBRARY = "libc++";
				CLANG_ENABLE_MODULES = YES;
				CLANG_ENABLE_OBJC_ARC = YES;
				CLANG_ENABLE_OBJC_WEAK = YES;
				CLANG_WARN_BLOCK_CAPTURE_AUTORELEASING = YES;
				CLANG_WARN_BOOL_CONVERSION = YES;
				CLANG_WARN_COMMA = YES;
				CLANG_WARN_CONSTANT_CONVERSION = YES;
				CLANG_WARN_DEPRECATED_OBJC_IMPLEMENTATIONS = YES;
				CLANG_WARN_DIRECT_OBJC_ISA_USAGE = YES_ERROR;
				CLANG_WARN_DOCUMENTATION_COMMENTS = YES;
				CLANG_WARN_EMPTY_BODY = YES;
				CLANG_WARN_ENUM_CONVERSION = YES;
				CLANG_WARN_INFINITE_RECURSION = YES;
				CLANG_WARN_INT_CONVERSION = YES;
				CLANG_WARN_NON_LITERAL_NULL_CONVERSION = YES;
				CLANG_WARN_OBJC_IMPLICIT_RETAIN_SELF = YES;
				CLANG_WARN_OBJC_LITERAL_CONVERSION = YES;
				CLANG_WARN_OBJC_ROOT_CLASS = YES_ERROR;
				CLANG_WARN_RANGE_LOOP_ANALYSIS = YES;
				CLANG_WARN_STRICT_PROTOTYPES = YES;
				CLANG_WARN_SUSPICIOUS_MOVE = YES;
				CLANG_WARN_UNGUARDED_AVAILABILITY = YES_AGGRESSIVE;
				CLANG_WARN_UNREACHABLE_CODE = YES;
				CLANG_WARN__DUPLICATE_METHOD_MATCH = YES;
				CODE_SIGN_IDENTITY = "iPhone Developer";
				COPY_PHASE_STRIP = NO;
				DEBUG_INFORMATION_FORMAT = dwarf;
				ENABLE_STRICT_OBJC_MSGSEND = YES;
				ENABLE_TESTABILITY = YES;
				GCC_C_LANGUAGE_STANDARD = gnu11;
				GCC_DYNAMIC_NO_PIC = NO;
				GCC_NO_COMMON_BLOCKS = YES;
				GCC_OPTIMIZATION_LEVEL = 0;
				GCC_PREPROCESSOR_DEFINITIONS = (
					"DEBUG=1",
					"$(inherited)",
				);
				GCC_WARN_64_TO_32_BIT_CONVERSION = YES;
				GCC_WARN_ABOUT_RETURN_TYPE = YES_ERROR;
				GCC_WARN_UNDECLARED_SELECTOR = YES;
				GCC_WARN_UNINITIALIZED_AUTOS = YES_AGGRESSIVE;
				GCC_WARN_UNUSED_FUNCTION = YES;
				GCC_WARN_UNUSED_VARIABLE = YES;
				IPHONEOS_DEPLOYMENT_TARGET = 12.2;
				MTL_ENABLE_DEBUG_INFO = INCLUDE_SOURCE;
				MTL_FAST_MATH = YES;
				ONLY_ACTIVE_ARCH = YES;
				SDKROOT = iphoneos;
				SWIFT_ACTIVE_COMPILATION_CONDITIONS = DEBUG;
				SWIFT_OPTIMIZATION_LEVEL = "-Onone";
			};
			name = Debug;
		};
		2EC815172283C3C50094C744 /* Release */ = {
			isa = XCBuildConfiguration;
			buildSettings = {
				ALWAYS_SEARCH_USER_PATHS = NO;
				CLANG_ANALYZER_NONNULL = YES;
				CLANG_ANALYZER_NUMBER_OBJECT_CONVERSION = YES_AGGRESSIVE;
				CLANG_CXX_LANGUAGE_STANDARD = "gnu++14";
				CLANG_CXX_LIBRARY = "libc++";
				CLANG_ENABLE_MODULES = YES;
				CLANG_ENABLE_OBJC_ARC = YES;
				CLANG_ENABLE_OBJC_WEAK = YES;
				CLANG_WARN_BLOCK_CAPTURE_AUTORELEASING = YES;
				CLANG_WARN_BOOL_CONVERSION = YES;
				CLANG_WARN_COMMA = YES;
				CLANG_WARN_CONSTANT_CONVERSION = YES;
				CLANG_WARN_DEPRECATED_OBJC_IMPLEMENTATIONS = YES;
				CLANG_WARN_DIRECT_OBJC_ISA_USAGE = YES_ERROR;
				CLANG_WARN_DOCUMENTATION_COMMENTS = YES;
				CLANG_WARN_EMPTY_BODY = YES;
				CLANG_WARN_ENUM_CONVERSION = YES;
				CLANG_WARN_INFINITE_RECURSION = YES;
				CLANG_WARN_INT_CONVERSION = YES;
				CLANG_WARN_NON_LITERAL_NULL_CONVERSION = YES;
				CLANG_WARN_OBJC_IMPLICIT_RETAIN_SELF = YES;
				CLANG_WARN_OBJC_LITERAL_CONVERSION = YES;
				CLANG_WARN_OBJC_ROOT_CLASS = YES_ERROR;
				CLANG_WARN_RANGE_LOOP_ANALYSIS = YES;
				CLANG_WARN_STRICT_PROTOTYPES = YES;
				CLANG_WARN_SUSPICIOUS_MOVE = YES;
				CLANG_WARN_UNGUARDED_AVAILABILITY = YES_AGGRESSIVE;
				CLANG_WARN_UNREACHABLE_CODE = YES;
				CLANG_WARN__DUPLICATE_METHOD_MATCH = YES;
				CODE_SIGN_IDENTITY = "iPhone Developer";
				COPY_PHASE_STRIP = NO;
				DEBUG_INFORMATION_FORMAT = "dwarf-with-dsym";
				ENABLE_NS_ASSERTIONS = NO;
				ENABLE_STRICT_OBJC_MSGSEND = YES;
				GCC_C_LANGUAGE_STANDARD = gnu11;
				GCC_NO_COMMON_BLOCKS = YES;
				GCC_WARN_64_TO_32_BIT_CONVERSION = YES;
				GCC_WARN_ABOUT_RETURN_TYPE = YES_ERROR;
				GCC_WARN_UNDECLARED_SELECTOR = YES;
				GCC_WARN_UNINITIALIZED_AUTOS = YES_AGGRESSIVE;
				GCC_WARN_UNUSED_FUNCTION = YES;
				GCC_WARN_UNUSED_VARIABLE = YES;
				IPHONEOS_DEPLOYMENT_TARGET = 12.2;
				MTL_ENABLE_DEBUG_INFO = NO;
				MTL_FAST_MATH = YES;
				SDKROOT = iphoneos;
				SWIFT_COMPILATION_MODE = wholemodule;
				SWIFT_OPTIMIZATION_LEVEL = "-O";
				VALIDATE_PRODUCT = YES;
			};
			name = Release;
		};
		2EC815192283C3C50094C744 /* Debug */ = {
			isa = XCBuildConfiguration;
			baseConfigurationReference = 64356D9C6414501F31F74422 /* Pods-Learning API (SLACK).debug.xcconfig */;
			buildSettings = {
				ASSETCATALOG_COMPILER_APPICON_NAME = AppIcon;
				CLANG_ENABLE_MODULES = YES;
				CODE_SIGN_STYLE = Automatic;
				DEVELOPMENT_TEAM = ZGKWMC3UA4;
				INFOPLIST_FILE = "Learning API (SLACK)/Info.plist";
				LD_RUNPATH_SEARCH_PATHS = (
					"$(inherited)",
					"@executable_path/Frameworks",
				);
				PRODUCT_BUNDLE_IDENTIFIER = "com.thienvule.Learning-API--SLACK-";
				PRODUCT_NAME = "$(TARGET_NAME)";
				SWIFT_OBJC_BRIDGING_HEADER = "Learning API (SLACK)/Supporting Files/Learning API (SLACK)-Bridging-Header.h";
				SWIFT_OPTIMIZATION_LEVEL = "-Onone";
				SWIFT_VERSION = 5.0;
				TARGETED_DEVICE_FAMILY = "1,2";
			};
			name = Debug;
		};
		2EC8151A2283C3C50094C744 /* Release */ = {
			isa = XCBuildConfiguration;
			baseConfigurationReference = 068A59F5CF99B5E21B69368B /* Pods-Learning API (SLACK).release.xcconfig */;
			buildSettings = {
				ASSETCATALOG_COMPILER_APPICON_NAME = AppIcon;
				CLANG_ENABLE_MODULES = YES;
				CODE_SIGN_STYLE = Automatic;
				DEVELOPMENT_TEAM = ZGKWMC3UA4;
				INFOPLIST_FILE = "Learning API (SLACK)/Info.plist";
				LD_RUNPATH_SEARCH_PATHS = (
					"$(inherited)",
					"@executable_path/Frameworks",
				);
				PRODUCT_BUNDLE_IDENTIFIER = "com.thienvule.Learning-API--SLACK-";
				PRODUCT_NAME = "$(TARGET_NAME)";
				SWIFT_OBJC_BRIDGING_HEADER = "Learning API (SLACK)/Supporting Files/Learning API (SLACK)-Bridging-Header.h";
				SWIFT_VERSION = 5.0;
				TARGETED_DEVICE_FAMILY = "1,2";
			};
			name = Release;
		};
/* End XCBuildConfiguration section */

/* Begin XCConfigurationList section */
		2EC815012283C3C30094C744 /* Build configuration list for PBXProject "Learning API (SLACK)" */ = {
			isa = XCConfigurationList;
			buildConfigurations = (
				2EC815162283C3C50094C744 /* Debug */,
				2EC815172283C3C50094C744 /* Release */,
			);
			defaultConfigurationIsVisible = 0;
			defaultConfigurationName = Release;
		};
		2EC815182283C3C50094C744 /* Build configuration list for PBXNativeTarget "Learning API (SLACK)" */ = {
			isa = XCConfigurationList;
			buildConfigurations = (
				2EC815192283C3C50094C744 /* Debug */,
				2EC8151A2283C3C50094C744 /* Release */,
			);
			defaultConfigurationIsVisible = 0;
			defaultConfigurationName = Release;
		};
/* End XCConfigurationList section */
	};
	rootObject = 2EC814FE2283C3C30094C744 /* Project object */;
}
